
Microsoft Visual Studio Solution File, Format Version 12.00
# Visual Studio Version 16
VisualStudioVersion = 16.0.30621.155
MinimumVisualStudioVersion = 10.0.40219.1
Project("{2150E333-8FDC-42A3-9474-1A3956D46DE8}") = "Core", "Core", "{70C08613-2CA1-47D8-9B7C-1EB2E7EDE4D4}"
EndProject
Project("{2150E333-8FDC-42A3-9474-1A3956D46DE8}") = "Infrastructure", "Infrastructure", "{FF8B2C12-6D98-489A-BAF4-E9DB149867D4}"
EndProject
Project("{2150E333-8FDC-42A3-9474-1A3956D46DE8}") = "Presentation", "Presentation", "{0CE4098C-8F73-4691-92DA-7921F735CCF0}"
EndProject
Project("{FAE04EC0-301F-11D3-BF4B-00C04F79EFBC}") = "Core.Application", "Core.Application\Core.Application.csproj", "{869F338C-52B4-415B-A11F-6E67576EBF54}"
EndProject
Project("{FAE04EC0-301F-11D3-BF4B-00C04F79EFBC}") = "Core.Domain", "Core.Domain\Core.Domain.csproj", "{9BCFBFB4-C896-49A8-AF89-47C4E7B8D57B}"
EndProject
Project("{FAE04EC0-301F-11D3-BF4B-00C04F79EFBC}") = "Infrastructure.Database", "Infrastructure.Database\Infrastructure.Database.csproj", "{71710B90-73B1-4B73-81EF-A7F86D698E7E}"
EndProject
Project("{FAE04EC0-301F-11D3-BF4B-00C04F79EFBC}") = "Presentation.WebApi", "Presentation.WebApi\Presentation.WebApi.csproj", "{B40C20D7-FCF2-43D2-A9FA-799EE29AF0CF}"
EndProject
Global
	GlobalSection(SolutionConfigurationPlatforms) = preSolution
		Debug|Any CPU = Debug|Any CPU
		Release|Any CPU = Release|Any CPU
	EndGlobalSection
	GlobalSection(ProjectConfigurationPlatforms) = postSolution
		{869F338C-52B4-415B-A11F-6E67576EBF54}.Debug|Any CPU.ActiveCfg = Debug|Any CPU
		{869F338C-52B4-415B-A11F-6E67576EBF54}.Debug|Any CPU.Build.0 = Debug|Any CPU
		{869F338C-52B4-415B-A11F-6E67576EBF54}.Release|Any CPU.ActiveCfg = Release|Any CPU
		{869F338C-52B4-415B-A11F-6E67576EBF54}.Release|Any CPU.Build.0 = Release|Any CPU
		{9BCFBFB4-C896-49A8-AF89-47C4E7B8D57B}.Debug|Any CPU.ActiveCfg = Debug|Any CPU
		{9BCFBFB4-C896-49A8-AF89-47C4E7B8D57B}.Debug|Any CPU.Build.0 = Debug|Any CPU
		{9BCFBFB4-C896-49A8-AF89-47C4E7B8D57B}.Release|Any CPU.ActiveCfg = Release|Any CPU
		{9BCFBFB4-C896-49A8-AF89-47C4E7B8D57B}.Release|Any CPU.Build.0 = Release|Any CPU
		{71710B90-73B1-4B73-81EF-A7F86D698E7E}.Debug|Any CPU.ActiveCfg = Debug|Any CPU
		{71710B90-73B1-4B73-81EF-A7F86D698E7E}.Debug|Any CPU.Build.0 = Debug|Any CPU
		{71710B90-73B1-4B73-81EF-A7F86D698E7E}.Release|Any CPU.ActiveCfg = Release|Any CPU
		{71710B90-73B1-4B73-81EF-A7F86D698E7E}.Release|Any CPU.Build.0 = Release|Any CPU
		{B40C20D7-FCF2-43D2-A9FA-799EE29AF0CF}.Debug|Any CPU.ActiveCfg = Debug|Any CPU
		{B40C20D7-FCF2-43D2-A9FA-799EE29AF0CF}.Debug|Any CPU.Build.0 = Debug|Any CPU
		{B40C20D7-FCF2-43D2-A9FA-799EE29AF0CF}.Release|Any CPU.ActiveCfg = Release|Any CPU
		{B40C20D7-FCF2-43D2-A9FA-799EE29AF0CF}.Release|Any CPU.Build.0 = Release|Any CPU
	EndGlobalSection
	GlobalSection(SolutionProperties) = preSolution
		HideSolutionNode = FALSE
	EndGlobalSection
	GlobalSection(NestedProjects) = preSolution
		{869F338C-52B4-415B-A11F-6E67576EBF54} = {70C08613-2CA1-47D8-9B7C-1EB2E7EDE4D4}
		{9BCFBFB4-C896-49A8-AF89-47C4E7B8D57B} = {70C08613-2CA1-47D8-9B7C-1EB2E7EDE4D4}
		{71710B90-73B1-4B73-81EF-A7F86D698E7E} = {FF8B2C12-6D98-489A-BAF4-E9DB149867D4}
		{B40C20D7-FCF2-43D2-A9FA-799EE29AF0CF} = {0CE4098C-8F73-4691-92DA-7921F735CCF0}
	EndGlobalSection
	GlobalSection(ExtensibilityGlobals) = postSolution
		SolutionGuid = {2BCB2F71-47DF-4201-A83C-9E9EEE605C75}
	EndGlobalSection
EndGlobal
