
Microsoft Visual Studio Solution File, Format Version 12.00
# Visual Studio Version 17
VisualStudioVersion = 17.1.32228.430
MinimumVisualStudioVersion = 10.0.40219.1
Project("{2150E333-8FDC-42A3-9474-1A3956D46DE8}") = "Core", "Core", "{051DF4DB-A8E6-4FD9-8C7A-38D204D99637}"
EndProject
Project("{2150E333-8FDC-42A3-9474-1A3956D46DE8}") = "Infrastructure", "Infrastructure", "{F56B3A8E-FF37-4EC1-BE93-3E72B5396AAF}"
EndProject
Project("{2150E333-8FDC-42A3-9474-1A3956D46DE8}") = "Presentation", "Presentation", "{86CF9AF0-8EA7-47DD-9210-E2A1127BA844}"
EndProject
Project("{FAE04EC0-301F-11D3-BF4B-00C04F79EFBC}") = "OnlineShopPage", "OnlineShopPage\OnlineShopPage.csproj", "{61E01B18-02F0-40B4-AD4B-DBABEAE8652B}"
EndProject
Project("{FAE04EC0-301F-11D3-BF4B-00C04F79EFBC}") = "Core.Domain", "Core.Domain\Core.Domain.csproj", "{B92DD5F9-DCDD-45D3-94CA-3D685561BF44}"
EndProject
Project("{FAE04EC0-301F-11D3-BF4B-00C04F79EFBC}") = "Core.Application", "Core.Application\Core.Application.csproj", "{1F98CF05-AFC8-4EF1-B26E-512B96717751}"
EndProject
Project("{FAE04EC0-301F-11D3-BF4B-00C04F79EFBC}") = "Infrastructure.Database", "Infrastructure.Database\Infrastructure.Database.csproj", "{D32DB10F-01B5-45AF-8E20-BA3A168AEA99}"
	ProjectSection(ProjectDependencies) = postProject
		{1F98CF05-AFC8-4EF1-B26E-512B96717751} = {1F98CF05-AFC8-4EF1-B26E-512B96717751}
		{B92DD5F9-DCDD-45D3-94CA-3D685561BF44} = {B92DD5F9-DCDD-45D3-94CA-3D685561BF44}
	EndProjectSection
EndProject
Global
	GlobalSection(SolutionConfigurationPlatforms) = preSolution
		Debug|Any CPU = Debug|Any CPU
		Release|Any CPU = Release|Any CPU
	EndGlobalSection
	GlobalSection(ProjectConfigurationPlatforms) = postSolution
		{61E01B18-02F0-40B4-AD4B-DBABEAE8652B}.Debug|Any CPU.ActiveCfg = Debug|Any CPU
		{61E01B18-02F0-40B4-AD4B-DBABEAE8652B}.Debug|Any CPU.Build.0 = Debug|Any CPU
		{61E01B18-02F0-40B4-AD4B-DBABEAE8652B}.Release|Any CPU.ActiveCfg = Release|Any CPU
		{61E01B18-02F0-40B4-AD4B-DBABEAE8652B}.Release|Any CPU.Build.0 = Release|Any CPU
		{B92DD5F9-DCDD-45D3-94CA-3D685561BF44}.Debug|Any CPU.ActiveCfg = Debug|Any CPU
		{B92DD5F9-DCDD-45D3-94CA-3D685561BF44}.Debug|Any CPU.Build.0 = Debug|Any CPU
		{B92DD5F9-DCDD-45D3-94CA-3D685561BF44}.Release|Any CPU.ActiveCfg = Release|Any CPU
		{B92DD5F9-DCDD-45D3-94CA-3D685561BF44}.Release|Any CPU.Build.0 = Release|Any CPU
		{1F98CF05-AFC8-4EF1-B26E-512B96717751}.Debug|Any CPU.ActiveCfg = Debug|Any CPU
		{1F98CF05-AFC8-4EF1-B26E-512B96717751}.Debug|Any CPU.Build.0 = Debug|Any CPU
		{1F98CF05-AFC8-4EF1-B26E-512B96717751}.Release|Any CPU.ActiveCfg = Release|Any CPU
		{1F98CF05-AFC8-4EF1-B26E-512B96717751}.Release|Any CPU.Build.0 = Release|Any CPU
		{D32DB10F-01B5-45AF-8E20-BA3A168AEA99}.Debug|Any CPU.ActiveCfg = Debug|Any CPU
		{D32DB10F-01B5-45AF-8E20-BA3A168AEA99}.Debug|Any CPU.Build.0 = Debug|Any CPU
		{D32DB10F-01B5-45AF-8E20-BA3A168AEA99}.Release|Any CPU.ActiveCfg = Release|Any CPU
		{D32DB10F-01B5-45AF-8E20-BA3A168AEA99}.Release|Any CPU.Build.0 = Release|Any CPU
	EndGlobalSection
	GlobalSection(SolutionProperties) = preSolution
		HideSolutionNode = FALSE
	EndGlobalSection
	GlobalSection(NestedProjects) = preSolution
		{61E01B18-02F0-40B4-AD4B-DBABEAE8652B} = {86CF9AF0-8EA7-47DD-9210-E2A1127BA844}
		{B92DD5F9-DCDD-45D3-94CA-3D685561BF44} = {051DF4DB-A8E6-4FD9-8C7A-38D204D99637}
		{1F98CF05-AFC8-4EF1-B26E-512B96717751} = {051DF4DB-A8E6-4FD9-8C7A-38D204D99637}
		{D32DB10F-01B5-45AF-8E20-BA3A168AEA99} = {F56B3A8E-FF37-4EC1-BE93-3E72B5396AAF}
	EndGlobalSection
	GlobalSection(ExtensibilityGlobals) = postSolution
		SolutionGuid = {13E50A12-DC8B-490C-BB2E-A4E6643A33EC}
	EndGlobalSection
EndGlobal
