
Microsoft Visual Studio Solution File, Format Version 12.00
# Visual Studio Version 17
VisualStudioVersion = 17.1.32228.430
MinimumVisualStudioVersion = 10.0.40219.1
Project("{FAE04EC0-301F-11D3-BF4B-00C04F79EFBC}") = "OnlienShop", "GitaProject\OnlienShop.csproj", "{FA83F777-AE68-4D65-B272-F2EA6B80E87A}"
EndProject
Global
	GlobalSection(SolutionConfigurationPlatforms) = preSolution
		Debug|Any CPU = Debug|Any CPU
		Release|Any CPU = Release|Any CPU
	EndGlobalSection
	GlobalSection(ProjectConfigurationPlatforms) = postSolution
		{FA83F777-AE68-4D65-B272-F2EA6B80E87A}.Debug|Any CPU.ActiveCfg = Debug|Any CPU
		{FA83F777-AE68-4D65-B272-F2EA6B80E87A}.Debug|Any CPU.Build.0 = Debug|Any CPU
		{FA83F777-AE68-4D65-B272-F2EA6B80E87A}.Release|Any CPU.ActiveCfg = Release|Any CPU
		{FA83F777-AE68-4D65-B272-F2EA6B80E87A}.Release|Any CPU.Build.0 = Release|Any CPU
	EndGlobalSection
	GlobalSection(SolutionProperties) = preSolution
		HideSolutionNode = FALSE
	EndGlobalSection
	GlobalSection(ExtensibilityGlobals) = postSolution
		SolutionGuid = {BE9ADEA5-3F9B-4F4F-9859-4DECC35BDA82}
	EndGlobalSection
EndGlobal
