
Microsoft Visual Studio Solution File, Format Version 12.00
# Visual Studio Version 17
VisualStudioVersion = 17.1.32228.430
MinimumVisualStudioVersion = 10.0.40219.1
Project("{FAE04EC0-301F-11D3-BF4B-00C04F79EFBC}") = "OnlineShopProject", "OnlineShopProject\OnlineShopProject.csproj", "{D507328B-6C4B-493A-B67C-85D579164B5F}"
EndProject
Global
	GlobalSection(SolutionConfigurationPlatforms) = preSolution
		Debug|Any CPU = Debug|Any CPU
		Release|Any CPU = Release|Any CPU
	EndGlobalSection
	GlobalSection(ProjectConfigurationPlatforms) = postSolution
		{D507328B-6C4B-493A-B67C-85D579164B5F}.Debug|Any CPU.ActiveCfg = Debug|Any CPU
		{D507328B-6C4B-493A-B67C-85D579164B5F}.Debug|Any CPU.Build.0 = Debug|Any CPU
		{D507328B-6C4B-493A-B67C-85D579164B5F}.Release|Any CPU.ActiveCfg = Release|Any CPU
		{D507328B-6C4B-493A-B67C-85D579164B5F}.Release|Any CPU.Build.0 = Release|Any CPU
	EndGlobalSection
	GlobalSection(SolutionProperties) = preSolution
		HideSolutionNode = FALSE
	EndGlobalSection
	GlobalSection(ExtensibilityGlobals) = postSolution
		SolutionGuid = {67D6F817-B9B1-4F1C-801D-B2493A544878}
	EndGlobalSection
EndGlobal
